
Microsoft Visual Studio Solution File, Format Version 12.00
Project("{FAE04EC0-301F-11D3-BF4B-00C04F79EFBC}") = "engeniousTemplate", "engeniousTemplate\engeniousTemplate.csproj", "{BB773EAC-C473-40EB-B671-C2C79DAA7E42}"
EndProject
Global
	GlobalSection(SolutionConfigurationPlatforms) = preSolution
		Debug|Any CPU = Debug|Any CPU
		Release|Any CPU = Release|Any CPU
	EndGlobalSection
	GlobalSection(ProjectConfigurationPlatforms) = postSolution
		{BB773EAC-C473-40EB-B671-C2C79DAA7E42}.Debug|Any CPU.ActiveCfg = Debug|Any CPU
		{BB773EAC-C473-40EB-B671-C2C79DAA7E42}.Debug|Any CPU.Build.0 = Debug|Any CPU
		{BB773EAC-C473-40EB-B671-C2C79DAA7E42}.Release|Any CPU.ActiveCfg = Release|Any CPU
		{BB773EAC-C473-40EB-B671-C2C79DAA7E42}.Release|Any CPU.Build.0 = Release|Any CPU
	EndGlobalSection
EndGlobal
